
Microsoft Visual Studio Solution File, Format Version 12.00
# Visual Studio Version 16
VisualStudioVersion = 16.0.809.7
MinimumVisualStudioVersion = 10.0.40219.1
Project("{FAE04EC0-301F-11D3-BF4B-00C04F79EFBC}") = "XmlnsDefAttributeDemo.Android", "XmlnsDefAttributeDemo.Android\XmlnsDefAttributeDemo.Android.csproj", "{67EEFFFA-286B-4317-80C1-CAA2DF74D470}"
EndProject
Project("{FAE04EC0-301F-11D3-BF4B-00C04F79EFBC}") = "XmlnsDefAttributeDemo.iOS", "XmlnsDefAttributeDemo.iOS\XmlnsDefAttributeDemo.iOS.csproj", "{4FBB3668-89EA-4C5A-B25F-2C573CD2AE57}"
EndProject
Project("{FAE04EC0-301F-11D3-BF4B-00C04F79EFBC}") = "XmlnsDefAttributeDemo", "XmlnsDefAttributeDemo\XmlnsDefAttributeDemo.csproj", "{7BD84A45-A222-4A72-9B8F-D7C125E3A66F}"
EndProject
Project("{FAE04EC0-301F-11D3-BF4B-00C04F79EFBC}") = "SharedLibrary", "SharedLibrary\SharedLibrary.csproj", "{C5A1F95A-6D9C-4A13-9974-E6CD469FCC56}"
EndProject
Global
	GlobalSection(SolutionConfigurationPlatforms) = preSolution
		Debug|Any CPU = Debug|Any CPU
		Release|Any CPU = Release|Any CPU
		Debug|iPhoneSimulator = Debug|iPhoneSimulator
		Release|iPhoneSimulator = Release|iPhoneSimulator
		Debug|iPhone = Debug|iPhone
		Release|iPhone = Release|iPhone
	EndGlobalSection
	GlobalSection(ProjectConfigurationPlatforms) = postSolution
		{67EEFFFA-286B-4317-80C1-CAA2DF74D470}.Debug|Any CPU.ActiveCfg = Debug|Any CPU
		{67EEFFFA-286B-4317-80C1-CAA2DF74D470}.Debug|Any CPU.Build.0 = Debug|Any CPU
		{67EEFFFA-286B-4317-80C1-CAA2DF74D470}.Release|Any CPU.ActiveCfg = Release|Any CPU
		{67EEFFFA-286B-4317-80C1-CAA2DF74D470}.Release|Any CPU.Build.0 = Release|Any CPU
		{67EEFFFA-286B-4317-80C1-CAA2DF74D470}.Debug|iPhoneSimulator.ActiveCfg = Debug|Any CPU
		{67EEFFFA-286B-4317-80C1-CAA2DF74D470}.Debug|iPhoneSimulator.Build.0 = Debug|Any CPU
		{67EEFFFA-286B-4317-80C1-CAA2DF74D470}.Release|iPhoneSimulator.ActiveCfg = Release|Any CPU
		{67EEFFFA-286B-4317-80C1-CAA2DF74D470}.Release|iPhoneSimulator.Build.0 = Release|Any CPU
		{67EEFFFA-286B-4317-80C1-CAA2DF74D470}.Debug|iPhone.ActiveCfg = Debug|Any CPU
		{67EEFFFA-286B-4317-80C1-CAA2DF74D470}.Debug|iPhone.Build.0 = Debug|Any CPU
		{67EEFFFA-286B-4317-80C1-CAA2DF74D470}.Release|iPhone.ActiveCfg = Release|Any CPU
		{67EEFFFA-286B-4317-80C1-CAA2DF74D470}.Release|iPhone.Build.0 = Release|Any CPU
		{4FBB3668-89EA-4C5A-B25F-2C573CD2AE57}.Debug|Any CPU.ActiveCfg = Debug|iPhoneSimulator
		{4FBB3668-89EA-4C5A-B25F-2C573CD2AE57}.Debug|Any CPU.Build.0 = Debug|iPhoneSimulator
		{4FBB3668-89EA-4C5A-B25F-2C573CD2AE57}.Release|Any CPU.ActiveCfg = Release|iPhoneSimulator
		{4FBB3668-89EA-4C5A-B25F-2C573CD2AE57}.Release|Any CPU.Build.0 = Release|iPhoneSimulator
		{4FBB3668-89EA-4C5A-B25F-2C573CD2AE57}.Debug|iPhoneSimulator.ActiveCfg = Debug|iPhoneSimulator
		{4FBB3668-89EA-4C5A-B25F-2C573CD2AE57}.Debug|iPhoneSimulator.Build.0 = Debug|iPhoneSimulator
		{4FBB3668-89EA-4C5A-B25F-2C573CD2AE57}.Release|iPhoneSimulator.ActiveCfg = Release|iPhoneSimulator
		{4FBB3668-89EA-4C5A-B25F-2C573CD2AE57}.Release|iPhoneSimulator.Build.0 = Release|iPhoneSimulator
		{4FBB3668-89EA-4C5A-B25F-2C573CD2AE57}.Debug|iPhone.ActiveCfg = Debug|iPhone
		{4FBB3668-89EA-4C5A-B25F-2C573CD2AE57}.Debug|iPhone.Build.0 = Debug|iPhone
		{4FBB3668-89EA-4C5A-B25F-2C573CD2AE57}.Release|iPhone.ActiveCfg = Release|iPhone
		{4FBB3668-89EA-4C5A-B25F-2C573CD2AE57}.Release|iPhone.Build.0 = Release|iPhone
		{7BD84A45-A222-4A72-9B8F-D7C125E3A66F}.Debug|Any CPU.ActiveCfg = Debug|Any CPU
		{7BD84A45-A222-4A72-9B8F-D7C125E3A66F}.Debug|Any CPU.Build.0 = Debug|Any CPU
		{7BD84A45-A222-4A72-9B8F-D7C125E3A66F}.Release|Any CPU.ActiveCfg = Release|Any CPU
		{7BD84A45-A222-4A72-9B8F-D7C125E3A66F}.Release|Any CPU.Build.0 = Release|Any CPU
		{7BD84A45-A222-4A72-9B8F-D7C125E3A66F}.Debug|iPhoneSimulator.ActiveCfg = Debug|Any CPU
		{7BD84A45-A222-4A72-9B8F-D7C125E3A66F}.Debug|iPhoneSimulator.Build.0 = Debug|Any CPU
		{7BD84A45-A222-4A72-9B8F-D7C125E3A66F}.Release|iPhoneSimulator.ActiveCfg = Release|Any CPU
		{7BD84A45-A222-4A72-9B8F-D7C125E3A66F}.Release|iPhoneSimulator.Build.0 = Release|Any CPU
		{7BD84A45-A222-4A72-9B8F-D7C125E3A66F}.Debug|iPhone.ActiveCfg = Debug|Any CPU
		{7BD84A45-A222-4A72-9B8F-D7C125E3A66F}.Debug|iPhone.Build.0 = Debug|Any CPU
		{7BD84A45-A222-4A72-9B8F-D7C125E3A66F}.Release|iPhone.ActiveCfg = Release|Any CPU
		{7BD84A45-A222-4A72-9B8F-D7C125E3A66F}.Release|iPhone.Build.0 = Release|Any CPU
		{C5A1F95A-6D9C-4A13-9974-E6CD469FCC56}.Debug|Any CPU.ActiveCfg = Debug|Any CPU
		{C5A1F95A-6D9C-4A13-9974-E6CD469FCC56}.Debug|Any CPU.Build.0 = Debug|Any CPU
		{C5A1F95A-6D9C-4A13-9974-E6CD469FCC56}.Release|Any CPU.ActiveCfg = Release|Any CPU
		{C5A1F95A-6D9C-4A13-9974-E6CD469FCC56}.Release|Any CPU.Build.0 = Release|Any CPU
		{C5A1F95A-6D9C-4A13-9974-E6CD469FCC56}.Debug|iPhoneSimulator.ActiveCfg = Debug|Any CPU
		{C5A1F95A-6D9C-4A13-9974-E6CD469FCC56}.Debug|iPhoneSimulator.Build.0 = Debug|Any CPU
		{C5A1F95A-6D9C-4A13-9974-E6CD469FCC56}.Release|iPhoneSimulator.ActiveCfg = Release|Any CPU
		{C5A1F95A-6D9C-4A13-9974-E6CD469FCC56}.Release|iPhoneSimulator.Build.0 = Release|Any CPU
		{C5A1F95A-6D9C-4A13-9974-E6CD469FCC56}.Debug|iPhone.ActiveCfg = Debug|Any CPU
		{C5A1F95A-6D9C-4A13-9974-E6CD469FCC56}.Debug|iPhone.Build.0 = Debug|Any CPU
		{C5A1F95A-6D9C-4A13-9974-E6CD469FCC56}.Release|iPhone.ActiveCfg = Release|Any CPU
		{C5A1F95A-6D9C-4A13-9974-E6CD469FCC56}.Release|iPhone.Build.0 = Release|Any CPU
	EndGlobalSection
	GlobalSection(SolutionProperties) = preSolution
		HideSolutionNode = FALSE
	EndGlobalSection
	GlobalSection(ExtensibilityGlobals) = postSolution
		SolutionGuid = {E9EAB6D7-24D2-4670-8F89-61B6FF17C95B}
	EndGlobalSection
EndGlobal
